
Microsoft Visual Studio Solution File, Format Version 12.00
# Visual Studio Version 17
VisualStudioVersion = 17.5.002.0
MinimumVisualStudioVersion = 10.0.40219.1
Project("{2150E333-8FDC-42A3-9474-1A3956D46DE8}") = "csharp", "csharp", "{C900DC1C-E590-4566-9639-E5FBAB18E29C}"
EndProject
Project("{9A19103F-16F7-4668-BE54-9A1E7A4F7556}") = "Sieve", "csharp\Sieve\Sieve.csproj", "{675834C7-40F7-4117-80BE-E850D412E559}"
EndProject
Project("{9A19103F-16F7-4668-BE54-9A1E7A4F7556}") = "Sieve.Tests", "csharp\Sieve.Tests\Sieve.Tests.csproj", "{9AE7501B-03B2-45B8-8728-64B647F6C8A1}"
EndProject
Global
	GlobalSection(SolutionConfigurationPlatforms) = preSolution
		Debug|Any CPU = Debug|Any CPU
		Release|Any CPU = Release|Any CPU
	EndGlobalSection
	GlobalSection(ProjectConfigurationPlatforms) = postSolution
		{675834C7-40F7-4117-80BE-E850D412E559}.Debug|Any CPU.ActiveCfg = Debug|Any CPU
		{675834C7-40F7-4117-80BE-E850D412E559}.Debug|Any CPU.Build.0 = Debug|Any CPU
		{675834C7-40F7-4117-80BE-E850D412E559}.Release|Any CPU.ActiveCfg = Release|Any CPU
		{675834C7-40F7-4117-80BE-E850D412E559}.Release|Any CPU.Build.0 = Release|Any CPU
		{9AE7501B-03B2-45B8-8728-64B647F6C8A1}.Debug|Any CPU.ActiveCfg = Debug|Any CPU
		{9AE7501B-03B2-45B8-8728-64B647F6C8A1}.Debug|Any CPU.Build.0 = Debug|Any CPU
		{9AE7501B-03B2-45B8-8728-64B647F6C8A1}.Release|Any CPU.ActiveCfg = Release|Any CPU
		{9AE7501B-03B2-45B8-8728-64B647F6C8A1}.Release|Any CPU.Build.0 = Release|Any CPU
	EndGlobalSection
	GlobalSection(SolutionProperties) = preSolution
		HideSolutionNode = FALSE
	EndGlobalSection
	GlobalSection(NestedProjects) = preSolution
		{675834C7-40F7-4117-80BE-E850D412E559} = {C900DC1C-E590-4566-9639-E5FBAB18E29C}
		{9AE7501B-03B2-45B8-8728-64B647F6C8A1} = {C900DC1C-E590-4566-9639-E5FBAB18E29C}
	EndGlobalSection
	GlobalSection(ExtensibilityGlobals) = postSolution
		SolutionGuid = {80F4F749-AE27-414D-9350-73EEE5D3FE1B}
	EndGlobalSection
EndGlobal
